
Microsoft Visual Studio Solution File, Format Version 12.00
# Visual Studio Version 16
VisualStudioVersion = 16.0.29025.244
MinimumVisualStudioVersion = 10.0.40219.1
Project("{8BC9CEB8-8B4A-11D0-8D11-00A0C91BC942}") = "pruebas", "pruebas\pruebas.vcxproj", "{4B27A860-4DD4-4D42-B3FF-5E60FF60F317}"
EndProject
Global
	GlobalSection(SolutionConfigurationPlatforms) = preSolution
		Debug|x64 = Debug|x64
		Debug|x86 = Debug|x86
		Release|x64 = Release|x64
		Release|x86 = Release|x86
	EndGlobalSection
	GlobalSection(ProjectConfigurationPlatforms) = postSolution
		{4B27A860-4DD4-4D42-B3FF-5E60FF60F317}.Debug|x64.ActiveCfg = Debug|x64
		{4B27A860-4DD4-4D42-B3FF-5E60FF60F317}.Debug|x64.Build.0 = Debug|x64
		{4B27A860-4DD4-4D42-B3FF-5E60FF60F317}.Debug|x86.ActiveCfg = Debug|Win32
		{4B27A860-4DD4-4D42-B3FF-5E60FF60F317}.Debug|x86.Build.0 = Debug|Win32
		{4B27A860-4DD4-4D42-B3FF-5E60FF60F317}.Release|x64.ActiveCfg = Release|x64
		{4B27A860-4DD4-4D42-B3FF-5E60FF60F317}.Release|x64.Build.0 = Release|x64
		{4B27A860-4DD4-4D42-B3FF-5E60FF60F317}.Release|x86.ActiveCfg = Release|Win32
		{4B27A860-4DD4-4D42-B3FF-5E60FF60F317}.Release|x86.Build.0 = Release|Win32
	EndGlobalSection
	GlobalSection(SolutionProperties) = preSolution
		HideSolutionNode = FALSE
	EndGlobalSection
	GlobalSection(ExtensibilityGlobals) = postSolution
		SolutionGuid = {01D96717-2169-4CB9-BBF1-93D4ABCFC7DB}
	EndGlobalSection
EndGlobal
